
Microsoft Visual Studio Solution File, Format Version 12.00
# Visual Studio 14
VisualStudioVersion = 14.0.25420.1
MinimumVisualStudioVersion = 10.0.40219.1
Project("{FAE04EC0-301F-11D3-BF4B-00C04F79EFBC}") = "POO_Sobreposição", "POO_Sobreposição\POO_Sobreposição.csproj", "{36FF477D-406A-461A-9A9C-8E7BA814034B}"
EndProject
Global
	GlobalSection(SolutionConfigurationPlatforms) = preSolution
		Debug|Any CPU = Debug|Any CPU
		Release|Any CPU = Release|Any CPU
	EndGlobalSection
	GlobalSection(ProjectConfigurationPlatforms) = postSolution
		{36FF477D-406A-461A-9A9C-8E7BA814034B}.Debug|Any CPU.ActiveCfg = Debug|Any CPU
		{36FF477D-406A-461A-9A9C-8E7BA814034B}.Debug|Any CPU.Build.0 = Debug|Any CPU
		{36FF477D-406A-461A-9A9C-8E7BA814034B}.Release|Any CPU.ActiveCfg = Release|Any CPU
		{36FF477D-406A-461A-9A9C-8E7BA814034B}.Release|Any CPU.Build.0 = Release|Any CPU
	EndGlobalSection
	GlobalSection(SolutionProperties) = preSolution
		HideSolutionNode = FALSE
	EndGlobalSection
EndGlobal
