
Microsoft Visual Studio Solution File, Format Version 12.00
# Visual Studio 14
VisualStudioVersion = 14.0.25420.1
MinimumVisualStudioVersion = 10.0.40219.1
Project("{FAE04EC0-301F-11D3-BF4B-00C04F79EFBC}") = "RotasMVC", "RotasMVC\RotasMVC.csproj", "{BBF703BB-11D4-42EF-BD6A-5C18897A36D9}"
EndProject
Global
	GlobalSection(SolutionConfigurationPlatforms) = preSolution
		Debug|Any CPU = Debug|Any CPU
		Release|Any CPU = Release|Any CPU
	EndGlobalSection
	GlobalSection(ProjectConfigurationPlatforms) = postSolution
		{BBF703BB-11D4-42EF-BD6A-5C18897A36D9}.Debug|Any CPU.ActiveCfg = Debug|Any CPU
		{BBF703BB-11D4-42EF-BD6A-5C18897A36D9}.Debug|Any CPU.Build.0 = Debug|Any CPU
		{BBF703BB-11D4-42EF-BD6A-5C18897A36D9}.Release|Any CPU.ActiveCfg = Release|Any CPU
		{BBF703BB-11D4-42EF-BD6A-5C18897A36D9}.Release|Any CPU.Build.0 = Release|Any CPU
	EndGlobalSection
	GlobalSection(SolutionProperties) = preSolution
		HideSolutionNode = FALSE
	EndGlobalSection
EndGlobal
